
Microsoft Visual Studio Solution File, Format Version 12.00
# Visual Studio Version 16
VisualStudioVersion = 16.0.31005.135
MinimumVisualStudioVersion = 10.0.40219.1
Project("{FAE04EC0-301F-11D3-BF4B-00C04F79EFBC}") = "[OLC2]Proyecto2", "[OLC2]Proyecto2\[OLC2]Proyecto2.csproj", "{4BFB0BD3-2DFB-43C7-82DC-32448874D940}"
EndProject
Global
	GlobalSection(SolutionConfigurationPlatforms) = preSolution
		Debug|Any CPU = Debug|Any CPU
		Release|Any CPU = Release|Any CPU
	EndGlobalSection
	GlobalSection(ProjectConfigurationPlatforms) = postSolution
		{4BFB0BD3-2DFB-43C7-82DC-32448874D940}.Debug|Any CPU.ActiveCfg = Debug|Any CPU
		{4BFB0BD3-2DFB-43C7-82DC-32448874D940}.Debug|Any CPU.Build.0 = Debug|Any CPU
		{4BFB0BD3-2DFB-43C7-82DC-32448874D940}.Release|Any CPU.ActiveCfg = Release|Any CPU
		{4BFB0BD3-2DFB-43C7-82DC-32448874D940}.Release|Any CPU.Build.0 = Release|Any CPU
	EndGlobalSection
	GlobalSection(SolutionProperties) = preSolution
		HideSolutionNode = FALSE
	EndGlobalSection
	GlobalSection(ExtensibilityGlobals) = postSolution
		SolutionGuid = {2AC2F615-1E48-4E0B-A9EC-E9211799A6A3}
	EndGlobalSection
EndGlobal
